{
  "name": "lash-her",
  "version": "1.0.0",
  "lockfileVersion": 3,
  "requires": true,
  "packages": {
    "": {
      "devDependencies": {
        "@tailwindcss/typography": "^0.5.19"
      }
    },
    "backend": {
      "version": "0.1.0",
      "extraneous": true,
      "dependencies": {
        "@strapi/plugin-cloud": "5.39.0",
        "@strapi/plugin-users-permissions": "5.39.0",
        "@strapi/strapi": "5.39.0",
        "better-sqlite3": "12.8.0",
        "pg": "^8.20.0",
        "react": "^18.3.1",
        "react-dom": "^18.3.1",
        "react-router-dom": "^6.30.0",
        "resend": "^6.9.3",
        "styled-components": "^6.3.11"
      },
      "devDependencies": {
        "@types/node": "^20",
        "@types/react": "^18",
        "@types/react-dom": "^18",
        "typescript": "^5"
      },
      "engines": {
        "node": ">=20.0.0 <=24.x.x",
        "npm": ">=6.0.0"
      }
    },
    "frontend": {
      "version": "0.1.0",
      "extraneous": true,
      "dependencies": {
        "@icons-pack/react-simple-icons": "^13.11.1",
        "@radix-ui/react-dialog": "^1.1.15",
        "@radix-ui/react-label": "^2.1.8",
        "@radix-ui/react-navigation-menu": "^1.2.14",
        "@radix-ui/react-select": "^2.2.6",
        "@radix-ui/react-separator": "^1.1.8",
        "@radix-ui/react-slot": "^1.2.4",
        "@sanity/client": "^7.20.0",
        "@types/qs": "^6.15.0",
        "@vercel/analytics": "^1.6.1",
        "@vercel/speed-insights": "^2.0.0",
        "class-variance-authority": "^0.7.1",
        "clsx": "^2.1.1",
        "lucide-react": "^0.577.0",
        "motion": "^12.36.0",
        "motion-plus": "https://api.motion.dev/registry.tgz?package=motion-plus&version=2.0.2&token=__MOTION_DEV_TOKEN__",
        "motion-studio": "https://api.motion.dev/registry.tgz?package=motion-studio&version=3.0.2&token=__MOTION_DEV_TOKEN__",
        "next": "^16.1.6",
        "next-sanity": "^9.12.3",
        "qs": "^6.15.0",
        "react": "^18.3.1",
        "react-dom": "^18.3.1",
        "sanity": "^3.99.0",
        "server-only": "^0.0.1",
        "tailwind-merge": "^3.5.0"
      },
      "devDependencies": {
        "@playwright/test": "^1.58.2",
        "@tailwindcss/postcss": "^4.2.1",
        "@types/node": "^20",
        "@types/react": "^18.3.28",
        "@types/react-dom": "^18.3.7",
        "@vercel/blob": "^2.3.1",
        "babel-plugin-react-compiler": "1.0.0",
        "baseline-browser-mapping": "^2.10.8",
        "dotenv": "^16.6.1",
        "eslint": "^9",
        "eslint-config-next": "16.0.3",
        "tailwindcss": "^4.2.1",
        "tsx": "^4.21.0",
        "tw-animate-css": "^1.4.0",
        "typescript": "^5"
      }
    },
    "node_modules/@tailwindcss/typography": {
      "version": "0.5.19",
      "resolved": "https://registry.npmjs.org/@tailwindcss/typography/-/typography-0.5.19.tgz",
      "integrity": "sha512-w31dd8HOx3k9vPtcQh5QHP9GwKcgbMp87j58qi6xgiBnFFtKEAgCWnDw4qUT8aHwkCp8bKvb/KGKWWHedP0AAg==",
      "dev": true,
      "license": "MIT",
      "dependencies": {
        "postcss-selector-parser": "6.0.10"
      },
      "peerDependencies": {
        "tailwindcss": ">=3.0.0 || insiders || >=4.0.0-alpha.20 || >=4.0.0-beta.1"
      }
    },
    "node_modules/@tailwindcss/typography/node_modules/postcss-selector-parser": {
      "version": "6.0.10",
      "resolved": "https://registry.npmjs.org/postcss-selector-parser/-/postcss-selector-parser-6.0.10.tgz",
      "integrity": "sha512-IQ7TZdoaqbT+LCpShg46jnZVlhWD2w6iQYAcYXfHARZ7X1t/UGhhceQDs5X0cGqKvYlHNOuv7Oa1xmb0oQuA3w==",
      "dev": true,
      "license": "MIT",
      "dependencies": {
        "cssesc": "^3.0.0",
        "util-deprecate": "^1.0.2"
      },
      "engines": {
        "node": ">=4"
      }
    },
    "node_modules/cssesc": {
      "version": "3.0.0",
      "resolved": "https://registry.npmjs.org/cssesc/-/cssesc-3.0.0.tgz",
      "integrity": "sha512-/Tb/JcjK111nNScGob5MNtsntNM1aCNUDipB/TkwZFhyDrrE47SOx/18wF2bbjgc3ZzCSKW1T5nt5EbFoAz/Vg==",
      "dev": true,
      "license": "MIT",
      "bin": {
        "cssesc": "bin/cssesc"
      },
      "engines": {
        "node": ">=4"
      }
    },
    "node_modules/util-deprecate": {
      "version": "1.0.2",
      "resolved": "https://registry.npmjs.org/util-deprecate/-/util-deprecate-1.0.2.tgz",
      "integrity": "sha512-EPD5q1uXyFxJpCrLnCc1nHnq3gOa6DZBocAIiI2TaSCA7VCJ1UJDMagCzIkXNsUYfD1daK//LTEQ8xiIbrHtcw==",
      "dev": true,
      "license": "MIT"
    }
  }
}
